
Microsoft Visual Studio Solution File, Format Version 12.00
# Visual Studio Version 16
VisualStudioVersion = 16.0.30011.22
MinimumVisualStudioVersion = 10.0.40219.1
Project("{9A19103F-16F7-4668-BE54-9A1E7A4F7556}") = "HelloApp", "HelloApp\HelloApp.csproj", "{891830CC-B989-44DE-8089-FDF5EA11E5DA}"
EndProject
Project("{9A19103F-16F7-4668-BE54-9A1E7A4F7556}") = "HelloAppHttps", "HelloAppHttps\HelloAppHttps.csproj", "{71CC37D6-E61F-4F19-91E9-60CEDBA13A3E}"
EndProject
Project("{9A19103F-16F7-4668-BE54-9A1E7A4F7556}") = "DIApp", "DIApp\DIApp.csproj", "{CD8AA504-E8A8-412D-81A7-9C856F365BD3}"
EndProject
Project("{9A19103F-16F7-4668-BE54-9A1E7A4F7556}") = "ConfigurationApp", "ConfigurationApp\ConfigurationApp.csproj", "{DF141985-7EC4-42E1-878C-825B1AF37E72}"
EndProject
Project("{9A19103F-16F7-4668-BE54-9A1E7A4F7556}") = "RoutingApp", "RoutingApp\RoutingApp.csproj", "{AE7972C0-8256-49A6-9129-DE3D962FADA7}"
EndProject
Project("{9A19103F-16F7-4668-BE54-9A1E7A4F7556}") = "HelloMvcApp", "HelloMvcApp\HelloMvcApp.csproj", "{D7CA8C42-7393-4ADC-92C9-DF9AB224028D}"
EndProject
Project("{9A19103F-16F7-4668-BE54-9A1E7A4F7556}") = "MobileStore", "MobileStore\MobileStore.csproj", "{04F6D3E5-5D24-4936-A8A2-52C8569AF2DA}"
EndProject
Project("{9A19103F-16F7-4668-BE54-9A1E7A4F7556}") = "ControllersApp", "ControllersApp\ControllersApp.csproj", "{2F09D6F4-0987-4096-9872-53B17781F02C}"
EndProject
Project("{9A19103F-16F7-4668-BE54-9A1E7A4F7556}") = "MvcViewsApp", "MvcViewsApp\MvcViewsApp.csproj", "{808A025A-E0C0-4DB9-8AE7-6F276B858DB4}"
EndProject
Project("{9A19103F-16F7-4668-BE54-9A1E7A4F7556}") = "ViewEngineApp", "ViewEngineApp\ViewEngineApp.csproj", "{BB38580B-A71E-4A73-80A1-9D7536A3D8A2}"
EndProject
Project("{9A19103F-16F7-4668-BE54-9A1E7A4F7556}") = "AreasApp", "AreasApp\AreasApp.csproj", "{71CFBC50-1E6A-4DA1-92E5-2BC1E27D4BBB}"
EndProject
Project("{9A19103F-16F7-4668-BE54-9A1E7A4F7556}") = "ModelsApp", "ModelsApp\ModelsApp.csproj", "{566D9A01-A896-418D-996D-7F3F04FC0A07}"
EndProject
Project("{9A19103F-16F7-4668-BE54-9A1E7A4F7556}") = "CustomModelBinderApp", "CustomModelBinderApp\CustomModelBinderApp.csproj", "{674AEEFA-6116-4ECF-B401-316D868E7CF7}"
EndProject
Project("{9A19103F-16F7-4668-BE54-9A1E7A4F7556}") = "HtmlHelpersApp", "HtmlHelpersApp\HtmlHelpersApp.csproj", "{BCA96A64-4DBC-468D-B0EC-6D31E2CF3C3B}"
EndProject
Project("{9A19103F-16F7-4668-BE54-9A1E7A4F7556}") = "TagHelpersApp", "TagHelpersApp\TagHelpersApp.csproj", "{17EDC46E-4A69-48AD-9EDC-37A1F8602C18}"
EndProject
Project("{9A19103F-16F7-4668-BE54-9A1E7A4F7556}") = "ViewComponentsApp", "ViewComponentsApp\ViewComponentsApp.csproj", "{316CAB1A-A1E8-4C24-B746-46E36B77437D}"
EndProject
Project("{9A19103F-16F7-4668-BE54-9A1E7A4F7556}") = "ValidationApp", "ValidationApp\ValidationApp.csproj", "{3C1371F7-FD24-4933-88B1-4449A8731C70}"
EndProject
Project("{9A19103F-16F7-4668-BE54-9A1E7A4F7556}") = "EFDataApp", "EFDataApp\EFDataApp.csproj", "{DFAEE526-842A-4F0B-A42B-9FE7A0661502}"
EndProject
Project("{9A19103F-16F7-4668-BE54-9A1E7A4F7556}") = "SortApp", "SortApp\SortApp.csproj", "{7F75DA51-F26D-4E9E-AA0C-4D6CFAEAFA2D}"
EndProject
Project("{9A19103F-16F7-4668-BE54-9A1E7A4F7556}") = "FilterApp", "FilterApp\FilterApp.csproj", "{99C53161-7F12-4FEC-8A5B-D8473AD89B8D}"
EndProject
Project("{9A19103F-16F7-4668-BE54-9A1E7A4F7556}") = "PagerApp", "PagerApp\PagerApp.csproj", "{8ABA4638-453B-4EC7-AB96-DD40F895673C}"
EndProject
Project("{9A19103F-16F7-4668-BE54-9A1E7A4F7556}") = "FilterSortPagingApp", "FilterSortPagingApp\FilterSortPagingApp.csproj", "{3844C08A-1A1F-48CD-9FE2-20AF587DFAFD}"
EndProject
Project("{9A19103F-16F7-4668-BE54-9A1E7A4F7556}") = "FiltersApp", "FiltersApp\FiltersApp.csproj", "{D5989071-4BD3-409E-B6B3-88DD749A7D50}"
EndProject
Project("{9A19103F-16F7-4668-BE54-9A1E7A4F7556}") = "RazorPagesApp", "RazorPagesApp\RazorPagesApp.csproj", "{E9B5C76E-0AB9-4DA3-B3AA-7B032C409BF7}"
EndProject
Project("{9A19103F-16F7-4668-BE54-9A1E7A4F7556}") = "EmptyRazorPagesApp", "EmptyRazorPagesApp\EmptyRazorPagesApp.csproj", "{22DC647B-A241-4B25-B28B-35D13A6C814C}"
EndProject
Project("{9A19103F-16F7-4668-BE54-9A1E7A4F7556}") = "HelloWebApi", "HelloWebApi\HelloWebApi.csproj", "{7086C19C-EE57-43CB-8A73-A0B998811DC4}"
EndProject
Project("{9A19103F-16F7-4668-BE54-9A1E7A4F7556}") = "WebAPIApp", "WebAPIApp\WebAPIApp.csproj", "{2F9DCB7C-5CB7-48D7-9B39-2B2661FD932A}"
EndProject
Project("{9A19103F-16F7-4668-BE54-9A1E7A4F7556}") = "AuthApp", "AuthApp\AuthApp.csproj", "{E1EE3730-229F-4972-9196-D057362C8660}"
EndProject
Project("{9A19103F-16F7-4668-BE54-9A1E7A4F7556}") = "RolesApp", "RolesApp\RolesApp.csproj", "{2A5FA17E-39FF-4208-BA20-E861DEC64D5A}"
EndProject
Project("{9A19103F-16F7-4668-BE54-9A1E7A4F7556}") = "ClaimsApp", "ClaimsApp\ClaimsApp.csproj", "{0AB0FC59-D346-468C-B192-E10C32A95E05}"
EndProject
Project("{9A19103F-16F7-4668-BE54-9A1E7A4F7556}") = "TokenApp", "TokenApp\TokenApp.csproj", "{25267683-F53E-4150-9C0E-CEF5E9EA77EC}"
EndProject
Project("{FAE04EC0-301F-11D3-BF4B-00C04F79EFBC}") = "IdentityApp", "IdentityApp\IdentityApp.csproj", "{E910BF7C-4E3C-4D1E-A618-80EE78C1C313}"
EndProject
Project("{FAE04EC0-301F-11D3-BF4B-00C04F79EFBC}") = "CustomIdentityApp", "CustomIdentityApp\CustomIdentityApp.csproj", "{3F73483E-7002-412E-82C9-AEE139EDAE39}"
EndProject
Project("{FAE04EC0-301F-11D3-BF4B-00C04F79EFBC}") = "EmailApp", "EmailApp\EmailApp.csproj", "{3143F618-42A7-4A81-8730-1280BF6E43FD}"
EndProject
Global
	GlobalSection(SolutionConfigurationPlatforms) = preSolution
		Debug|Any CPU = Debug|Any CPU
		Release|Any CPU = Release|Any CPU
	EndGlobalSection
	GlobalSection(ProjectConfigurationPlatforms) = postSolution
		{891830CC-B989-44DE-8089-FDF5EA11E5DA}.Debug|Any CPU.ActiveCfg = Debug|Any CPU
		{891830CC-B989-44DE-8089-FDF5EA11E5DA}.Debug|Any CPU.Build.0 = Debug|Any CPU
		{891830CC-B989-44DE-8089-FDF5EA11E5DA}.Release|Any CPU.ActiveCfg = Release|Any CPU
		{891830CC-B989-44DE-8089-FDF5EA11E5DA}.Release|Any CPU.Build.0 = Release|Any CPU
		{71CC37D6-E61F-4F19-91E9-60CEDBA13A3E}.Debug|Any CPU.ActiveCfg = Debug|Any CPU
		{71CC37D6-E61F-4F19-91E9-60CEDBA13A3E}.Debug|Any CPU.Build.0 = Debug|Any CPU
		{71CC37D6-E61F-4F19-91E9-60CEDBA13A3E}.Release|Any CPU.ActiveCfg = Release|Any CPU
		{71CC37D6-E61F-4F19-91E9-60CEDBA13A3E}.Release|Any CPU.Build.0 = Release|Any CPU
		{CD8AA504-E8A8-412D-81A7-9C856F365BD3}.Debug|Any CPU.ActiveCfg = Debug|Any CPU
		{CD8AA504-E8A8-412D-81A7-9C856F365BD3}.Debug|Any CPU.Build.0 = Debug|Any CPU
		{CD8AA504-E8A8-412D-81A7-9C856F365BD3}.Release|Any CPU.ActiveCfg = Release|Any CPU
		{CD8AA504-E8A8-412D-81A7-9C856F365BD3}.Release|Any CPU.Build.0 = Release|Any CPU
		{DF141985-7EC4-42E1-878C-825B1AF37E72}.Debug|Any CPU.ActiveCfg = Debug|Any CPU
		{DF141985-7EC4-42E1-878C-825B1AF37E72}.Debug|Any CPU.Build.0 = Debug|Any CPU
		{DF141985-7EC4-42E1-878C-825B1AF37E72}.Release|Any CPU.ActiveCfg = Release|Any CPU
		{DF141985-7EC4-42E1-878C-825B1AF37E72}.Release|Any CPU.Build.0 = Release|Any CPU
		{AE7972C0-8256-49A6-9129-DE3D962FADA7}.Debug|Any CPU.ActiveCfg = Debug|Any CPU
		{AE7972C0-8256-49A6-9129-DE3D962FADA7}.Debug|Any CPU.Build.0 = Debug|Any CPU
		{AE7972C0-8256-49A6-9129-DE3D962FADA7}.Release|Any CPU.ActiveCfg = Release|Any CPU
		{AE7972C0-8256-49A6-9129-DE3D962FADA7}.Release|Any CPU.Build.0 = Release|Any CPU
		{D7CA8C42-7393-4ADC-92C9-DF9AB224028D}.Debug|Any CPU.ActiveCfg = Debug|Any CPU
		{D7CA8C42-7393-4ADC-92C9-DF9AB224028D}.Debug|Any CPU.Build.0 = Debug|Any CPU
		{D7CA8C42-7393-4ADC-92C9-DF9AB224028D}.Release|Any CPU.ActiveCfg = Release|Any CPU
		{D7CA8C42-7393-4ADC-92C9-DF9AB224028D}.Release|Any CPU.Build.0 = Release|Any CPU
		{04F6D3E5-5D24-4936-A8A2-52C8569AF2DA}.Debug|Any CPU.ActiveCfg = Debug|Any CPU
		{04F6D3E5-5D24-4936-A8A2-52C8569AF2DA}.Debug|Any CPU.Build.0 = Debug|Any CPU
		{04F6D3E5-5D24-4936-A8A2-52C8569AF2DA}.Release|Any CPU.ActiveCfg = Release|Any CPU
		{04F6D3E5-5D24-4936-A8A2-52C8569AF2DA}.Release|Any CPU.Build.0 = Release|Any CPU
		{2F09D6F4-0987-4096-9872-53B17781F02C}.Debug|Any CPU.ActiveCfg = Debug|Any CPU
		{2F09D6F4-0987-4096-9872-53B17781F02C}.Debug|Any CPU.Build.0 = Debug|Any CPU
		{2F09D6F4-0987-4096-9872-53B17781F02C}.Release|Any CPU.ActiveCfg = Release|Any CPU
		{2F09D6F4-0987-4096-9872-53B17781F02C}.Release|Any CPU.Build.0 = Release|Any CPU
		{808A025A-E0C0-4DB9-8AE7-6F276B858DB4}.Debug|Any CPU.ActiveCfg = Debug|Any CPU
		{808A025A-E0C0-4DB9-8AE7-6F276B858DB4}.Debug|Any CPU.Build.0 = Debug|Any CPU
		{808A025A-E0C0-4DB9-8AE7-6F276B858DB4}.Release|Any CPU.ActiveCfg = Release|Any CPU
		{808A025A-E0C0-4DB9-8AE7-6F276B858DB4}.Release|Any CPU.Build.0 = Release|Any CPU
		{BB38580B-A71E-4A73-80A1-9D7536A3D8A2}.Debug|Any CPU.ActiveCfg = Debug|Any CPU
		{BB38580B-A71E-4A73-80A1-9D7536A3D8A2}.Debug|Any CPU.Build.0 = Debug|Any CPU
		{BB38580B-A71E-4A73-80A1-9D7536A3D8A2}.Release|Any CPU.ActiveCfg = Release|Any CPU
		{BB38580B-A71E-4A73-80A1-9D7536A3D8A2}.Release|Any CPU.Build.0 = Release|Any CPU
		{71CFBC50-1E6A-4DA1-92E5-2BC1E27D4BBB}.Debug|Any CPU.ActiveCfg = Debug|Any CPU
		{71CFBC50-1E6A-4DA1-92E5-2BC1E27D4BBB}.Debug|Any CPU.Build.0 = Debug|Any CPU
		{71CFBC50-1E6A-4DA1-92E5-2BC1E27D4BBB}.Release|Any CPU.ActiveCfg = Release|Any CPU
		{71CFBC50-1E6A-4DA1-92E5-2BC1E27D4BBB}.Release|Any CPU.Build.0 = Release|Any CPU
		{566D9A01-A896-418D-996D-7F3F04FC0A07}.Debug|Any CPU.ActiveCfg = Debug|Any CPU
		{566D9A01-A896-418D-996D-7F3F04FC0A07}.Debug|Any CPU.Build.0 = Debug|Any CPU
		{566D9A01-A896-418D-996D-7F3F04FC0A07}.Release|Any CPU.ActiveCfg = Release|Any CPU
		{566D9A01-A896-418D-996D-7F3F04FC0A07}.Release|Any CPU.Build.0 = Release|Any CPU
		{674AEEFA-6116-4ECF-B401-316D868E7CF7}.Debug|Any CPU.ActiveCfg = Debug|Any CPU
		{674AEEFA-6116-4ECF-B401-316D868E7CF7}.Debug|Any CPU.Build.0 = Debug|Any CPU
		{674AEEFA-6116-4ECF-B401-316D868E7CF7}.Release|Any CPU.ActiveCfg = Release|Any CPU
		{674AEEFA-6116-4ECF-B401-316D868E7CF7}.Release|Any CPU.Build.0 = Release|Any CPU
		{BCA96A64-4DBC-468D-B0EC-6D31E2CF3C3B}.Debug|Any CPU.ActiveCfg = Debug|Any CPU
		{BCA96A64-4DBC-468D-B0EC-6D31E2CF3C3B}.Debug|Any CPU.Build.0 = Debug|Any CPU
		{BCA96A64-4DBC-468D-B0EC-6D31E2CF3C3B}.Release|Any CPU.ActiveCfg = Release|Any CPU
		{BCA96A64-4DBC-468D-B0EC-6D31E2CF3C3B}.Release|Any CPU.Build.0 = Release|Any CPU
		{17EDC46E-4A69-48AD-9EDC-37A1F8602C18}.Debug|Any CPU.ActiveCfg = Debug|Any CPU
		{17EDC46E-4A69-48AD-9EDC-37A1F8602C18}.Debug|Any CPU.Build.0 = Debug|Any CPU
		{17EDC46E-4A69-48AD-9EDC-37A1F8602C18}.Release|Any CPU.ActiveCfg = Release|Any CPU
		{17EDC46E-4A69-48AD-9EDC-37A1F8602C18}.Release|Any CPU.Build.0 = Release|Any CPU
		{316CAB1A-A1E8-4C24-B746-46E36B77437D}.Debug|Any CPU.ActiveCfg = Debug|Any CPU
		{316CAB1A-A1E8-4C24-B746-46E36B77437D}.Debug|Any CPU.Build.0 = Debug|Any CPU
		{316CAB1A-A1E8-4C24-B746-46E36B77437D}.Release|Any CPU.ActiveCfg = Release|Any CPU
		{316CAB1A-A1E8-4C24-B746-46E36B77437D}.Release|Any CPU.Build.0 = Release|Any CPU
		{3C1371F7-FD24-4933-88B1-4449A8731C70}.Debug|Any CPU.ActiveCfg = Debug|Any CPU
		{3C1371F7-FD24-4933-88B1-4449A8731C70}.Debug|Any CPU.Build.0 = Debug|Any CPU
		{3C1371F7-FD24-4933-88B1-4449A8731C70}.Release|Any CPU.ActiveCfg = Release|Any CPU
		{3C1371F7-FD24-4933-88B1-4449A8731C70}.Release|Any CPU.Build.0 = Release|Any CPU
		{DFAEE526-842A-4F0B-A42B-9FE7A0661502}.Debug|Any CPU.ActiveCfg = Debug|Any CPU
		{DFAEE526-842A-4F0B-A42B-9FE7A0661502}.Debug|Any CPU.Build.0 = Debug|Any CPU
		{DFAEE526-842A-4F0B-A42B-9FE7A0661502}.Release|Any CPU.ActiveCfg = Release|Any CPU
		{DFAEE526-842A-4F0B-A42B-9FE7A0661502}.Release|Any CPU.Build.0 = Release|Any CPU
		{7F75DA51-F26D-4E9E-AA0C-4D6CFAEAFA2D}.Debug|Any CPU.ActiveCfg = Debug|Any CPU
		{7F75DA51-F26D-4E9E-AA0C-4D6CFAEAFA2D}.Debug|Any CPU.Build.0 = Debug|Any CPU
		{7F75DA51-F26D-4E9E-AA0C-4D6CFAEAFA2D}.Release|Any CPU.ActiveCfg = Release|Any CPU
		{7F75DA51-F26D-4E9E-AA0C-4D6CFAEAFA2D}.Release|Any CPU.Build.0 = Release|Any CPU
		{99C53161-7F12-4FEC-8A5B-D8473AD89B8D}.Debug|Any CPU.ActiveCfg = Debug|Any CPU
		{99C53161-7F12-4FEC-8A5B-D8473AD89B8D}.Debug|Any CPU.Build.0 = Debug|Any CPU
		{99C53161-7F12-4FEC-8A5B-D8473AD89B8D}.Release|Any CPU.ActiveCfg = Release|Any CPU
		{99C53161-7F12-4FEC-8A5B-D8473AD89B8D}.Release|Any CPU.Build.0 = Release|Any CPU
		{8ABA4638-453B-4EC7-AB96-DD40F895673C}.Debug|Any CPU.ActiveCfg = Debug|Any CPU
		{8ABA4638-453B-4EC7-AB96-DD40F895673C}.Debug|Any CPU.Build.0 = Debug|Any CPU
		{8ABA4638-453B-4EC7-AB96-DD40F895673C}.Release|Any CPU.ActiveCfg = Release|Any CPU
		{8ABA4638-453B-4EC7-AB96-DD40F895673C}.Release|Any CPU.Build.0 = Release|Any CPU
		{3844C08A-1A1F-48CD-9FE2-20AF587DFAFD}.Debug|Any CPU.ActiveCfg = Debug|Any CPU
		{3844C08A-1A1F-48CD-9FE2-20AF587DFAFD}.Debug|Any CPU.Build.0 = Debug|Any CPU
		{3844C08A-1A1F-48CD-9FE2-20AF587DFAFD}.Release|Any CPU.ActiveCfg = Release|Any CPU
		{3844C08A-1A1F-48CD-9FE2-20AF587DFAFD}.Release|Any CPU.Build.0 = Release|Any CPU
		{D5989071-4BD3-409E-B6B3-88DD749A7D50}.Debug|Any CPU.ActiveCfg = Debug|Any CPU
		{D5989071-4BD3-409E-B6B3-88DD749A7D50}.Debug|Any CPU.Build.0 = Debug|Any CPU
		{D5989071-4BD3-409E-B6B3-88DD749A7D50}.Release|Any CPU.ActiveCfg = Release|Any CPU
		{D5989071-4BD3-409E-B6B3-88DD749A7D50}.Release|Any CPU.Build.0 = Release|Any CPU
		{E9B5C76E-0AB9-4DA3-B3AA-7B032C409BF7}.Debug|Any CPU.ActiveCfg = Debug|Any CPU
		{E9B5C76E-0AB9-4DA3-B3AA-7B032C409BF7}.Debug|Any CPU.Build.0 = Debug|Any CPU
		{E9B5C76E-0AB9-4DA3-B3AA-7B032C409BF7}.Release|Any CPU.ActiveCfg = Release|Any CPU
		{E9B5C76E-0AB9-4DA3-B3AA-7B032C409BF7}.Release|Any CPU.Build.0 = Release|Any CPU
		{22DC647B-A241-4B25-B28B-35D13A6C814C}.Debug|Any CPU.ActiveCfg = Debug|Any CPU
		{22DC647B-A241-4B25-B28B-35D13A6C814C}.Debug|Any CPU.Build.0 = Debug|Any CPU
		{22DC647B-A241-4B25-B28B-35D13A6C814C}.Release|Any CPU.ActiveCfg = Release|Any CPU
		{22DC647B-A241-4B25-B28B-35D13A6C814C}.Release|Any CPU.Build.0 = Release|Any CPU
		{7086C19C-EE57-43CB-8A73-A0B998811DC4}.Debug|Any CPU.ActiveCfg = Debug|Any CPU
		{7086C19C-EE57-43CB-8A73-A0B998811DC4}.Debug|Any CPU.Build.0 = Debug|Any CPU
		{7086C19C-EE57-43CB-8A73-A0B998811DC4}.Release|Any CPU.ActiveCfg = Release|Any CPU
		{7086C19C-EE57-43CB-8A73-A0B998811DC4}.Release|Any CPU.Build.0 = Release|Any CPU
		{2F9DCB7C-5CB7-48D7-9B39-2B2661FD932A}.Debug|Any CPU.ActiveCfg = Debug|Any CPU
		{2F9DCB7C-5CB7-48D7-9B39-2B2661FD932A}.Debug|Any CPU.Build.0 = Debug|Any CPU
		{2F9DCB7C-5CB7-48D7-9B39-2B2661FD932A}.Release|Any CPU.ActiveCfg = Release|Any CPU
		{2F9DCB7C-5CB7-48D7-9B39-2B2661FD932A}.Release|Any CPU.Build.0 = Release|Any CPU
		{E1EE3730-229F-4972-9196-D057362C8660}.Debug|Any CPU.ActiveCfg = Debug|Any CPU
		{E1EE3730-229F-4972-9196-D057362C8660}.Debug|Any CPU.Build.0 = Debug|Any CPU
		{E1EE3730-229F-4972-9196-D057362C8660}.Release|Any CPU.ActiveCfg = Release|Any CPU
		{E1EE3730-229F-4972-9196-D057362C8660}.Release|Any CPU.Build.0 = Release|Any CPU
		{2A5FA17E-39FF-4208-BA20-E861DEC64D5A}.Debug|Any CPU.ActiveCfg = Debug|Any CPU
		{2A5FA17E-39FF-4208-BA20-E861DEC64D5A}.Debug|Any CPU.Build.0 = Debug|Any CPU
		{2A5FA17E-39FF-4208-BA20-E861DEC64D5A}.Release|Any CPU.ActiveCfg = Release|Any CPU
		{2A5FA17E-39FF-4208-BA20-E861DEC64D5A}.Release|Any CPU.Build.0 = Release|Any CPU
		{0AB0FC59-D346-468C-B192-E10C32A95E05}.Debug|Any CPU.ActiveCfg = Debug|Any CPU
		{0AB0FC59-D346-468C-B192-E10C32A95E05}.Debug|Any CPU.Build.0 = Debug|Any CPU
		{0AB0FC59-D346-468C-B192-E10C32A95E05}.Release|Any CPU.ActiveCfg = Release|Any CPU
		{0AB0FC59-D346-468C-B192-E10C32A95E05}.Release|Any CPU.Build.0 = Release|Any CPU
		{25267683-F53E-4150-9C0E-CEF5E9EA77EC}.Debug|Any CPU.ActiveCfg = Debug|Any CPU
		{25267683-F53E-4150-9C0E-CEF5E9EA77EC}.Debug|Any CPU.Build.0 = Debug|Any CPU
		{25267683-F53E-4150-9C0E-CEF5E9EA77EC}.Release|Any CPU.ActiveCfg = Release|Any CPU
		{25267683-F53E-4150-9C0E-CEF5E9EA77EC}.Release|Any CPU.Build.0 = Release|Any CPU
		{E910BF7C-4E3C-4D1E-A618-80EE78C1C313}.Debug|Any CPU.ActiveCfg = Debug|Any CPU
		{E910BF7C-4E3C-4D1E-A618-80EE78C1C313}.Debug|Any CPU.Build.0 = Debug|Any CPU
		{E910BF7C-4E3C-4D1E-A618-80EE78C1C313}.Release|Any CPU.ActiveCfg = Release|Any CPU
		{E910BF7C-4E3C-4D1E-A618-80EE78C1C313}.Release|Any CPU.Build.0 = Release|Any CPU
		{3F73483E-7002-412E-82C9-AEE139EDAE39}.Debug|Any CPU.ActiveCfg = Debug|Any CPU
		{3F73483E-7002-412E-82C9-AEE139EDAE39}.Debug|Any CPU.Build.0 = Debug|Any CPU
		{3F73483E-7002-412E-82C9-AEE139EDAE39}.Release|Any CPU.ActiveCfg = Release|Any CPU
		{3F73483E-7002-412E-82C9-AEE139EDAE39}.Release|Any CPU.Build.0 = Release|Any CPU
		{3143F618-42A7-4A81-8730-1280BF6E43FD}.Debug|Any CPU.ActiveCfg = Debug|Any CPU
		{3143F618-42A7-4A81-8730-1280BF6E43FD}.Debug|Any CPU.Build.0 = Debug|Any CPU
		{3143F618-42A7-4A81-8730-1280BF6E43FD}.Release|Any CPU.ActiveCfg = Release|Any CPU
		{3143F618-42A7-4A81-8730-1280BF6E43FD}.Release|Any CPU.Build.0 = Release|Any CPU
	EndGlobalSection
	GlobalSection(SolutionProperties) = preSolution
		HideSolutionNode = FALSE
	EndGlobalSection
	GlobalSection(ExtensibilityGlobals) = postSolution
		SolutionGuid = {001B9EA7-5E21-4F6E-A92E-789F9FE9C94B}
	EndGlobalSection
EndGlobal
